
Microsoft Visual Studio Solution File, Format Version 12.00
# Visual Studio Version 17
VisualStudioVersion = 17.0.31903.59
MinimumVisualStudioVersion = 10.0.40219.1
Project("{FAE04EC0-301F-11D3-BF4B-00C04F79EFBC}") = "HousesProblem", "HousesProblem\HousesProblem.csproj", "{D9BAB140-9040-471B-9F97-212F865F78D8}"
EndProject
Global
	GlobalSection(SolutionConfigurationPlatforms) = preSolution
		Debug|Any CPU = Debug|Any CPU
		Release|Any CPU = Release|Any CPU
	EndGlobalSection
	GlobalSection(ProjectConfigurationPlatforms) = postSolution
		{D9BAB140-9040-471B-9F97-212F865F78D8}.Debug|Any CPU.ActiveCfg = Debug|Any CPU
		{D9BAB140-9040-471B-9F97-212F865F78D8}.Debug|Any CPU.Build.0 = Debug|Any CPU
		{D9BAB140-9040-471B-9F97-212F865F78D8}.Release|Any CPU.ActiveCfg = Release|Any CPU
		{D9BAB140-9040-471B-9F97-212F865F78D8}.Release|Any CPU.Build.0 = Release|Any CPU
	EndGlobalSection
	GlobalSection(SolutionProperties) = preSolution
		HideSolutionNode = FALSE
	EndGlobalSection
	GlobalSection(ExtensibilityGlobals) = postSolution
		SolutionGuid = {9117A845-242A-4AB1-9DFF-00C150490831}
	EndGlobalSection
EndGlobal
